// !$*UTF8*$!
{
	archiveVersion = 1;
	classes = {
	};
	objectVersion = 46;
	objects = {

/* Begin PBXBuildFile section */
		F38BA3A01D586DA500A485B9 /* main.m in Sources */ = {isa = PBXBuildFile; fileRef = F38BA39F1D586DA500A485B9 /* main.m */; };
		F38BA3A31D586DA500A485B9 /* AppDelegate.m in Sources */ = {isa = PBXBuildFile; fileRef = F38BA3A21D586DA500A485B9 /* AppDelegate.m */; };
		F38BA3A61D586DA500A485B9 /* ViewController.m in Sources */ = {isa = PBXBuildFile; fileRef = F38BA3A51D586DA500A485B9 /* ViewController.m */; };
		F38BA3A91D586DA500A485B9 /* Main.storyboard in Resources */ = {isa = PBXBuildFile; fileRef = F38BA3A71D586DA500A485B9 /* Main.storyboard */; };
		F38BA3AB1D586DA500A485B9 /* Assets.xcassets in Resources */ = {isa = PBXBuildFile; fileRef = F38BA3AA1D586DA500A485B9 /* Assets.xcassets */; };
		F38BA3AE1D586DA500A485B9 /* LaunchScreen.storyboard in Resources */ = {isa = PBXBuildFile; fileRef = F38BA3AC1D586DA500A485B9 /* LaunchScreen.storyboard */; };
/* End PBXBuildFile section */

/* Begin PBXFileReference section */
		F38BA39B1D586DA500A485B9 /* MiMedia.app */ = {isa = PBXFileReference; explicitFileType = wrapper.application; includeInIndex = 0; path = MiMedia.app; sourceTree = BUILT_PRODUCTS_DIR; };
		F38BA39F1D586DA500A485B9 /* main.m */ = {isa = PBXFileReference; lastKnownFileType = sourcecode.c.objc; path = main.m; sourceTree = "<group>"; };
		F38BA3A11D586DA500A485B9 /* AppDelegate.h */ = {isa = PBXFileReference; lastKnownFileType = sourcecode.c.h; path = AppDelegate.h; sourceTree = "<group>"; };
		F38BA3A21D586DA500A485B9 /* AppDelegate.m */ = {isa = PBXFileReference; lastKnownFileType = sourcecode.c.objc; path = AppDelegate.m; sourceTree = "<group>"; };
		F38BA3A41D586DA500A485B9 /* ViewController.h */ = {isa = PBXFileReference; lastKnownFileType = sourcecode.c.h; path = ViewController.h; sourceTree = "<group>"; };
		F38BA3A51D586DA500A485B9 /* ViewController.m */ = {isa = PBXFileReference; lastKnownFileType = sourcecode.c.objc; path = ViewController.m; sourceTree = "<group>"; };
		F38BA3A81D586DA500A485B9 /* Base */ = {isa = PBXFileReference; lastKnownFileType = file.storyboard; name = Base; path = Base.lproj/Main.storyboard; sourceTree = "<group>"; };
		F38BA3AA1D586DA500A485B9 /* Assets.xcassets */ = {isa = PBXFileReference; lastKnownFileType = folder.assetcatalog; path = Assets.xcassets; sourceTree = "<group>"; };
		F38BA3AD1D586DA500A485B9 /* Base */ = {isa = PBXFileReference; lastKnownFileType = file.storyboard; name = Base; path = Base.lproj/LaunchScreen.storyboard; sourceTree = "<group>"; };
		F38BA3AF1D586DA500A485B9 /* Info.plist */ = {isa = PBXFileReference; lastKnownFileType = text.plist.xml; path = Info.plist; sourceTree = "<group>"; };
/* End PBXFileReference section */

/* Begin PBXFrameworksBuildPhase section */
		F38BA3981D586DA500A485B9 /* Frameworks */ = {
			isa = PBXFrameworksBuildPhase;
			buildActionMask = 2147483647;
			files = (
			);
			runOnlyForDeploymentPostprocessing = 0;
		};
/* End PBXFrameworksBuildPhase section */

/* Begin PBXGroup section */
		F38BA3921D586DA500A485B9 = {
			isa = PBXGroup;
			children = (
				F38BA39D1D586DA500A485B9 /* MiMedia */,
				F38BA39C1D586DA500A485B9 /* Products */,
			);
			sourceTree = "<group>";
		};
		F38BA39C1D586DA500A485B9 /* Products */ = {
			isa = PBXGroup;
			children = (
				F38BA39B1D586DA500A485B9 /* MiMedia.app */,
			);
			name = Products;
			sourceTree = "<group>";
		};
		F38BA39D1D586DA500A485B9 /* MiMedia */ = {
			isa = PBXGroup;
			children = (
				F38BA3A11D586DA500A485B9 /* AppDelegate.h */,
				F38BA3A21D586DA500A485B9 /* AppDelegate.m */,
				F38BA3A41D586DA500A485B9 /* ViewController.h */,
				F38BA3A51D586DA500A485B9 /* ViewController.m */,
				F38BA3A71D586DA500A485B9 /* Main.storyboard */,
				F38BA3AA1D586DA500A485B9 /* Assets.xcassets */,
				F38BA3AC1D586DA500A485B9 /* LaunchScreen.storyboard */,
				F38BA3AF1D586DA500A485B9 /* Info.plist */,
				F38BA39E1D586DA500A485B9 /* Supporting Files */,
			);
			path = MiMedia;
			sourceTree = "<group>";
		};
		F38BA39E1D586DA500A485B9 /* Supporting Files */ = {
			isa = PBXGroup;
			children = (
				F38BA39F1D586DA500A485B9 /* main.m */,
			);
			name = "Supporting Files";
			sourceTree = "<group>";
		};
/* End PBXGroup section */

/* Begin PBXNativeTarget section */
		F38BA39A1D586DA500A485B9 /* MiMedia */ = {
			isa = PBXNativeTarget;
			buildConfigurationList = F38BA3B21D586DA500A485B9 /* Build configuration list for PBXNativeTarget "MiMedia" */;
			buildPhases = (
				F38BA3971D586DA500A485B9 /* Sources */,
				F38BA3981D586DA500A485B9 /* Frameworks */,
				F38BA3991D586DA500A485B9 /* Resources */,
			);
			buildRules = (
			);
			dependencies = (
			);
			name = MiMedia;
			productName = MiMedia;
			productReference = F38BA39B1D586DA500A485B9 /* MiMedia.app */;
			productType = "com.apple.product-type.application";
		};
/* End PBXNativeTarget section */

/* Begin PBXProject section */
		F38BA3931D586DA500A485B9 /* Project object */ = {
			isa = PBXProject;
			attributes = {
				LastUpgradeCheck = 0710;
				ORGANIZATIONNAME = MitSoft;
				TargetAttributes = {
					F38BA39A1D586DA500A485B9 = {
						CreatedOnToolsVersion = 7.1.1;
					};
				};
			};
			buildConfigurationList = F38BA3961D586DA500A485B9 /* Build configuration list for PBXProject "MiMedia" */;
			compatibilityVersion = "Xcode 3.2";
			developmentRegion = English;
			hasScannedForEncodings = 0;
			knownRegions = (
				en,
				Base,
			);
			mainGroup = F38BA3921D586DA500A485B9;
			productRefGroup = F38BA39C1D586DA500A485B9 /* Products */;
			projectDirPath = "";
			projectRoot = "";
			targets = (
				F38BA39A1D586DA500A485B9 /* MiMedia */,
			);
		};
/* End PBXProject section */

/* Begin PBXResourcesBuildPhase section */
		F38BA3991D586DA500A485B9 /* Resources */ = {
			isa = PBXResourcesBuildPhase;
			buildActionMask = 2147483647;
			files = (
				F38BA3AE1D586DA500A485B9 /* LaunchScreen.storyboard in Resources */,
				F38BA3AB1D586DA500A485B9 /* Assets.xcassets in Resources */,
				F38BA3A91D586DA500A485B9 /* Main.storyboard in Resources */,
			);
			runOnlyForDeploymentPostprocessing = 0;
		};
/* End PBXResourcesBuildPhase section */

/* Begin PBXSourcesBuildPhase section */
		F38BA3971D586DA500A485B9 /* Sources */ = {
			isa = PBXSourcesBuildPhase;
			buildActionMask = 2147483647;
			files = (
				F38BA3A61D586DA500A485B9 /* ViewController.m in Sources */,
				F38BA3A31D586DA500A485B9 /* AppDelegate.m in Sources */,
				F38BA3A01D586DA500A485B9 /* main.m in Sources */,
			);
			runOnlyForDeploymentPostprocessing = 0;
		};
/* End PBXSourcesBuildPhase section */

/* Begin PBXVariantGroup section */
		F38BA3A71D586DA500A485B9 /* Main.storyboard */ = {
			isa = PBXVariantGroup;
			children = (
				F38BA3A81D586DA500A485B9 /* Base */,
			);
			name = Main.storyboard;
			sourceTree = "<group>";
		};
		F38BA3AC1D586DA500A485B9 /* LaunchScreen.storyboard */ = {
			isa = PBXVariantGroup;
			children = (
				F38BA3AD1D586DA500A485B9 /* Base */,
			);
			name = LaunchScreen.storyboard;
			sourceTree = "<group>";
		};
/* End PBXVariantGroup section */

/* Begin XCBuildConfiguration section */
		F38BA3B01D586DA500A485B9 /* Debug */ = {
			isa = XCBuildConfiguration;
			buildSettings = {
				ALWAYS_SEARCH_USER_PATHS = NO;
				CLANG_CXX_LANGUAGE_STANDARD = "gnu++0x";
				CLANG_CXX_LIBRARY = "libc++";
				CLANG_ENABLE_MODULES = YES;
				CLANG_ENABLE_OBJC_ARC = YES;
				CLANG_WARN_BOOL_CONVERSION = YES;
				CLANG_WARN_CONSTANT_CONVERSION = YES;
				CLANG_WARN_DIRECT_OBJC_ISA_USAGE = YES_ERROR;
				CLANG_WARN_EMPTY_BODY = YES;
				CLANG_WARN_ENUM_CONVERSION = YES;
				CLANG_WARN_INT_CONVERSION = YES;
				CLANG_WARN_OBJC_ROOT_CLASS = YES_ERROR;
				CLANG_WARN_UNREACHABLE_CODE = YES;
				CLANG_WARN__DUPLICATE_METHOD_MATCH = YES;
				"CODE_SIGN_IDENTITY[sdk=iphoneos*]" = "iPhone Developer";
				COPY_PHASE_STRIP = NO;
				DEBUG_INFORMATION_FORMAT = dwarf;
				ENABLE_STRICT_OBJC_MSGSEND = YES;
				ENABLE_TESTABILITY = YES;
				GCC_C_LANGUAGE_STANDARD = gnu99;
				GCC_DYNAMIC_NO_PIC = NO;
				GCC_NO_COMMON_BLOCKS = YES;
				GCC_OPTIMIZATION_LEVEL = 0;
				GCC_PREPROCESSOR_DEFINITIONS = (
					"DEBUG=1",
					"$(inherited)",
				);
				GCC_WARN_64_TO_32_BIT_CONVERSION = YES;
				GCC_WARN_ABOUT_RETURN_TYPE = YES_ERROR;
				GCC_WARN_UNDECLARED_SELECTOR = YES;
				GCC_WARN_UNINITIALIZED_AUTOS = YES_AGGRESSIVE;
				GCC_WARN_UNUSED_FUNCTION = YES;
				GCC_WARN_UNUSED_VARIABLE = YES;
				IPHONEOS_DEPLOYMENT_TARGET = 9.1;
				MTL_ENABLE_DEBUG_INFO = YES;
				ONLY_ACTIVE_ARCH = YES;
				SDKROOT = iphoneos;
				TARGETED_DEVICE_FAMILY = "1,2";
			};
			name = Debug;
		};
		F38BA3B11D586DA500A485B9 /* Release */ = {
			isa = XCBuildConfiguration;
			buildSettings = {
				ALWAYS_SEARCH_USER_PATHS = NO;
				CLANG_CXX_LANGUAGE_STANDARD = "gnu++0x";
				CLANG_CXX_LIBRARY = "libc++";
				CLANG_ENABLE_MODULES = YES;
				CLANG_ENABLE_OBJC_ARC = YES;
				CLANG_WARN_BOOL_CONVERSION = YES;
				CLANG_WARN_CONSTANT_CONVERSION = YES;
				CLANG_WARN_DIRECT_OBJC_ISA_USAGE = YES_ERROR;
				CLANG_WARN_EMPTY_BODY = YES;
				CLANG_WARN_ENUM_CONVERSION = YES;
				CLANG_WARN_INT_CONVERSION = YES;
				CLANG_WARN_OBJC_ROOT_CLASS = YES_ERROR;
				CLANG_WARN_UNREACHABLE_CODE = YES;
				CLANG_WARN__DUPLICATE_METHOD_MATCH = YES;
				"CODE_SIGN_IDENTITY[sdk=iphoneos*]" = "iPhone Developer";
				COPY_PHASE_STRIP = NO;
				DEBUG_INFORMATION_FORMAT = "dwarf-with-dsym";
				ENABLE_NS_ASSERTIONS = NO;
				ENABLE_STRICT_OBJC_MSGSEND = YES;
				GCC_C_LANGUAGE_STANDARD = gnu99;
				GCC_NO_COMMON_BLOCKS = YES;
				GCC_WARN_64_TO_32_BIT_CONVERSION = YES;
				GCC_WARN_ABOUT_RETURN_TYPE = YES_ERROR;
				GCC_WARN_UNDECLARED_SELECTOR = YES;
				GCC_WARN_UNINITIALIZED_AUTOS = YES_AGGRESSIVE;
				GCC_WARN_UNUSED_FUNCTION = YES;
				GCC_WARN_UNUSED_VARIABLE = YES;
				IPHONEOS_DEPLOYMENT_TARGET = 9.1;
				MTL_ENABLE_DEBUG_INFO = NO;
				SDKROOT = iphoneos;
				TARGETED_DEVICE_FAMILY = "1,2";
				VALIDATE_PRODUCT = YES;
			};
			name = Release;
		};
		F38BA3B31D586DA500A485B9 /* Debug */ = {
			isa = XCBuildConfiguration;
			buildSettings = {
				ASSETCATALOG_COMPILER_APPICON_NAME = AppIcon;
				INFOPLIST_FILE = MiMedia/Info.plist;
				LD_RUNPATH_SEARCH_PATHS = "$(inherited) @executable_path/Frameworks";
				PRODUCT_BUNDLE_IDENTIFIER = com.codemitsoft.MiMedia;
				PRODUCT_NAME = "$(TARGET_NAME)";
			};
			name = Debug;
		};
		F38BA3B41D586DA500A485B9 /* Release */ = {
			isa = XCBuildConfiguration;
			buildSettings = {
				ASSETCATALOG_COMPILER_APPICON_NAME = AppIcon;
				INFOPLIST_FILE = MiMedia/Info.plist;
				LD_RUNPATH_SEARCH_PATHS = "$(inherited) @executable_path/Frameworks";
				PRODUCT_BUNDLE_IDENTIFIER = com.codemitsoft.MiMedia;
				PRODUCT_NAME = "$(TARGET_NAME)";
			};
			name = Release;
		};
/* End XCBuildConfiguration section */

/* Begin XCConfigurationList section */
		F38BA3961D586DA500A485B9 /* Build configuration list for PBXProject "MiMedia" */ = {
			isa = XCConfigurationList;
			buildConfigurations = (
				F38BA3B01D586DA500A485B9 /* Debug */,
				F38BA3B11D586DA500A485B9 /* Release */,
			);
			defaultConfigurationIsVisible = 0;
			defaultConfigurationName = Release;
		};
		F38BA3B21D586DA500A485B9 /* Build configuration list for PBXNativeTarget "MiMedia" */ = {
			isa = XCConfigurationList;
			buildConfigurations = (
				F38BA3B31D586DA500A485B9 /* Debug */,
				F38BA3B41D586DA500A485B9 /* Release */,
			);
			defaultConfigurationIsVisible = 0;
		};
/* End XCConfigurationList section */
	};
	rootObject = F38BA3931D586DA500A485B9 /* Project object */;
}
